
Microsoft Visual Studio Solution File, Format Version 12.00
# Visual Studio Version 16
VisualStudioVersion = 16.0.30204.135
MinimumVisualStudioVersion = 10.0.40219.1
Project("{FAE04EC0-301F-11D3-BF4B-00C04F79EFBC}") = "SessionLibrary", "SessionLibrary\SessionLibrary.csproj", "{92A41E61-E14A-4821-BB91-259B128446D5}"
EndProject
Project("{2150E333-8FDC-42A3-9474-1A3956D46DE8}") = "UnitTests", "UnitTests", "{9C518B3F-AE9E-4CDC-AE61-18D4E76D487B}"
EndProject
Project("{2150E333-8FDC-42A3-9474-1A3956D46DE8}") = "StudentCreatorTests", "StudentCreatorTests", "{10BFB173-00BA-4843-A432-C4FE8195FCB5}"
EndProject
Project("{FAE04EC0-301F-11D3-BF4B-00C04F79EFBC}") = "StudentDao.Tests", "SessionLibrary.Tests\StudentDao.Tests.csproj", "{76D2A03D-1589-4249-89D9-BF331C2CEAC2}"
EndProject
Project("{2150E333-8FDC-42A3-9474-1A3956D46DE8}") = "ExcelUnitTests", "ExcelUnitTests", "{B3A7DC40-C27D-40FB-A594-30916A40E128}"
EndProject
Project("{FAE04EC0-301F-11D3-BF4B-00C04F79EFBC}") = "SessionLIbraryExcel.Tests", "SessionLIbraryExcel.Tests\SessionLIbraryExcel.Tests.csproj", "{C6218CA1-D800-4B24-A0D4-368F68854F32}"
EndProject
Project("{2150E333-8FDC-42A3-9474-1A3956D46DE8}") = "Resources", "Resources", "{B0CAC803-272C-4F00-8151-9E3F6C905D29}"
EndProject
Project("{2150E333-8FDC-42A3-9474-1A3956D46DE8}") = "Reports", "Reports", "{26F26F5C-825C-4689-8FFC-FA506B9D59AB}"
	ProjectSection(SolutionItems) = preProject
		SessionLIbraryExcel.Tests\bin\Debug\DropoutStudents.xlsx = SessionLIbraryExcel.Tests\bin\Debug\DropoutStudents.xlsx
		SessionLIbraryExcel.Tests\bin\Debug\GroupAvgMinMax.xlsx = SessionLIbraryExcel.Tests\bin\Debug\GroupAvgMinMax.xlsx
		SessionLIbraryExcel.Tests\bin\Debug\SessionResults.xlsx = SessionLIbraryExcel.Tests\bin\Debug\SessionResults.xlsx
	EndProjectSection
EndProject
Project("{2150E333-8FDC-42A3-9474-1A3956D46DE8}") = "Sorted reports", "Sorted reports", "{9830C897-8778-4840-B410-D8BAED26FE7F}"
	ProjectSection(SolutionItems) = preProject
		SessionLIbraryExcel.Tests\bin\Debug\DropoutStudentsAscendingWithSorting.xlsx = SessionLIbraryExcel.Tests\bin\Debug\DropoutStudentsAscendingWithSorting.xlsx
		SessionLIbraryExcel.Tests\bin\Debug\GroupAvgMinMaxWithSorting.xlsx = SessionLIbraryExcel.Tests\bin\Debug\GroupAvgMinMaxWithSorting.xlsx
		SessionLIbraryExcel.Tests\bin\Debug\SessionResultsWithSorting.xlsx = SessionLIbraryExcel.Tests\bin\Debug\SessionResultsWithSorting.xlsx
	EndProjectSection
EndProject
Project("{2150E333-8FDC-42A3-9474-1A3956D46DE8}") = "DaoUnitTests", "DaoUnitTests", "{41DA3EED-A203-41BF-A3E5-1A6442464231}"
EndProject
Project("{2150E333-8FDC-42A3-9474-1A3956D46DE8}") = "GroupCreatorTests", "GroupCreatorTests", "{16E2C31B-FB42-4244-93B1-97BE3C49D872}"
EndProject
Project("{FAE04EC0-301F-11D3-BF4B-00C04F79EFBC}") = "GroupDao.Tests", "GroupDao.Tests\GroupDao.Tests.csproj", "{E4CED4E0-C7B0-4346-B6B8-59DCF6301F4E}"
EndProject
Project("{2150E333-8FDC-42A3-9474-1A3956D46DE8}") = "SessionSheduleCreatorTests", "SessionSheduleCreatorTests", "{3B812098-BEEC-41EE-B55E-DD24A31DC8BD}"
EndProject
Project("{FAE04EC0-301F-11D3-BF4B-00C04F79EFBC}") = "_SessionShedule.Tests", "SessionShedule.Tests\_SessionShedule.Tests.csproj", "{356E3D57-CE9D-40FE-AA4A-877552790EB1}"
EndProject
Project("{2150E333-8FDC-42A3-9474-1A3956D46DE8}") = "SubjectCreatorTests", "SubjectCreatorTests", "{BA4802F5-5292-4C09-8514-9761259F353B}"
EndProject
Project("{FAE04EC0-301F-11D3-BF4B-00C04F79EFBC}") = "SubjectDao.Tests", "SubjectDao.Tests\SubjectDao.Tests.csproj", "{DE2EF338-DBCD-47C4-A69F-C0B24D1D2ADE}"
EndProject
Project("{2150E333-8FDC-42A3-9474-1A3956D46DE8}") = "WorkTypeCreatorTests", "WorkTypeCreatorTests", "{0CD2C49A-DABC-4760-81A5-4227F8ED79B4}"
EndProject
Project("{FAE04EC0-301F-11D3-BF4B-00C04F79EFBC}") = "WorkTypeDao.Tests", "WorkTypeDao.Tests\WorkTypeDao.Tests.csproj", "{4D3BE936-C47B-4720-9514-A2F442991F75}"
EndProject
Global
	GlobalSection(SolutionConfigurationPlatforms) = preSolution
		Debug|Any CPU = Debug|Any CPU
		Release|Any CPU = Release|Any CPU
	EndGlobalSection
	GlobalSection(ProjectConfigurationPlatforms) = postSolution
		{92A41E61-E14A-4821-BB91-259B128446D5}.Debug|Any CPU.ActiveCfg = Debug|Any CPU
		{92A41E61-E14A-4821-BB91-259B128446D5}.Debug|Any CPU.Build.0 = Debug|Any CPU
		{92A41E61-E14A-4821-BB91-259B128446D5}.Release|Any CPU.ActiveCfg = Release|Any CPU
		{92A41E61-E14A-4821-BB91-259B128446D5}.Release|Any CPU.Build.0 = Release|Any CPU
		{76D2A03D-1589-4249-89D9-BF331C2CEAC2}.Debug|Any CPU.ActiveCfg = Debug|Any CPU
		{76D2A03D-1589-4249-89D9-BF331C2CEAC2}.Debug|Any CPU.Build.0 = Debug|Any CPU
		{76D2A03D-1589-4249-89D9-BF331C2CEAC2}.Release|Any CPU.ActiveCfg = Release|Any CPU
		{76D2A03D-1589-4249-89D9-BF331C2CEAC2}.Release|Any CPU.Build.0 = Release|Any CPU
		{C6218CA1-D800-4B24-A0D4-368F68854F32}.Debug|Any CPU.ActiveCfg = Debug|Any CPU
		{C6218CA1-D800-4B24-A0D4-368F68854F32}.Debug|Any CPU.Build.0 = Debug|Any CPU
		{C6218CA1-D800-4B24-A0D4-368F68854F32}.Release|Any CPU.ActiveCfg = Release|Any CPU
		{C6218CA1-D800-4B24-A0D4-368F68854F32}.Release|Any CPU.Build.0 = Release|Any CPU
		{E4CED4E0-C7B0-4346-B6B8-59DCF6301F4E}.Debug|Any CPU.ActiveCfg = Debug|Any CPU
		{E4CED4E0-C7B0-4346-B6B8-59DCF6301F4E}.Debug|Any CPU.Build.0 = Debug|Any CPU
		{E4CED4E0-C7B0-4346-B6B8-59DCF6301F4E}.Release|Any CPU.ActiveCfg = Release|Any CPU
		{E4CED4E0-C7B0-4346-B6B8-59DCF6301F4E}.Release|Any CPU.Build.0 = Release|Any CPU
		{356E3D57-CE9D-40FE-AA4A-877552790EB1}.Debug|Any CPU.ActiveCfg = Debug|Any CPU
		{356E3D57-CE9D-40FE-AA4A-877552790EB1}.Debug|Any CPU.Build.0 = Debug|Any CPU
		{356E3D57-CE9D-40FE-AA4A-877552790EB1}.Release|Any CPU.ActiveCfg = Release|Any CPU
		{356E3D57-CE9D-40FE-AA4A-877552790EB1}.Release|Any CPU.Build.0 = Release|Any CPU
		{DE2EF338-DBCD-47C4-A69F-C0B24D1D2ADE}.Debug|Any CPU.ActiveCfg = Debug|Any CPU
		{DE2EF338-DBCD-47C4-A69F-C0B24D1D2ADE}.Debug|Any CPU.Build.0 = Debug|Any CPU
		{DE2EF338-DBCD-47C4-A69F-C0B24D1D2ADE}.Release|Any CPU.ActiveCfg = Release|Any CPU
		{DE2EF338-DBCD-47C4-A69F-C0B24D1D2ADE}.Release|Any CPU.Build.0 = Release|Any CPU
		{4D3BE936-C47B-4720-9514-A2F442991F75}.Debug|Any CPU.ActiveCfg = Debug|Any CPU
		{4D3BE936-C47B-4720-9514-A2F442991F75}.Debug|Any CPU.Build.0 = Debug|Any CPU
		{4D3BE936-C47B-4720-9514-A2F442991F75}.Release|Any CPU.ActiveCfg = Release|Any CPU
		{4D3BE936-C47B-4720-9514-A2F442991F75}.Release|Any CPU.Build.0 = Release|Any CPU
	EndGlobalSection
	GlobalSection(SolutionProperties) = preSolution
		HideSolutionNode = FALSE
	EndGlobalSection
	GlobalSection(NestedProjects) = preSolution
		{10BFB173-00BA-4843-A432-C4FE8195FCB5} = {41DA3EED-A203-41BF-A3E5-1A6442464231}
		{76D2A03D-1589-4249-89D9-BF331C2CEAC2} = {10BFB173-00BA-4843-A432-C4FE8195FCB5}
		{B3A7DC40-C27D-40FB-A594-30916A40E128} = {9C518B3F-AE9E-4CDC-AE61-18D4E76D487B}
		{C6218CA1-D800-4B24-A0D4-368F68854F32} = {B3A7DC40-C27D-40FB-A594-30916A40E128}
		{B0CAC803-272C-4F00-8151-9E3F6C905D29} = {B3A7DC40-C27D-40FB-A594-30916A40E128}
		{26F26F5C-825C-4689-8FFC-FA506B9D59AB} = {B0CAC803-272C-4F00-8151-9E3F6C905D29}
		{9830C897-8778-4840-B410-D8BAED26FE7F} = {B0CAC803-272C-4F00-8151-9E3F6C905D29}
		{41DA3EED-A203-41BF-A3E5-1A6442464231} = {9C518B3F-AE9E-4CDC-AE61-18D4E76D487B}
		{16E2C31B-FB42-4244-93B1-97BE3C49D872} = {41DA3EED-A203-41BF-A3E5-1A6442464231}
		{E4CED4E0-C7B0-4346-B6B8-59DCF6301F4E} = {16E2C31B-FB42-4244-93B1-97BE3C49D872}
		{3B812098-BEEC-41EE-B55E-DD24A31DC8BD} = {41DA3EED-A203-41BF-A3E5-1A6442464231}
		{356E3D57-CE9D-40FE-AA4A-877552790EB1} = {3B812098-BEEC-41EE-B55E-DD24A31DC8BD}
		{BA4802F5-5292-4C09-8514-9761259F353B} = {41DA3EED-A203-41BF-A3E5-1A6442464231}
		{DE2EF338-DBCD-47C4-A69F-C0B24D1D2ADE} = {BA4802F5-5292-4C09-8514-9761259F353B}
		{0CD2C49A-DABC-4760-81A5-4227F8ED79B4} = {41DA3EED-A203-41BF-A3E5-1A6442464231}
		{4D3BE936-C47B-4720-9514-A2F442991F75} = {0CD2C49A-DABC-4760-81A5-4227F8ED79B4}
	EndGlobalSection
	GlobalSection(ExtensibilityGlobals) = postSolution
		SolutionGuid = {F12D82E5-BDC3-4607-AF66-A77A0B44D8BA}
	EndGlobalSection
EndGlobal
