
Microsoft Visual Studio Solution File, Format Version 12.00
# Visual Studio Version 16
VisualStudioVersion = 16.0.30204.135
MinimumVisualStudioVersion = 10.0.40219.1
Project("{FAE04EC0-301F-11D3-BF4B-00C04F79EFBC}") = "SessionLibrary", "SessionLibrary\SessionLibrary.csproj", "{92A41E61-E14A-4821-BB91-259B128446D5}"
EndProject
Global
	GlobalSection(SolutionConfigurationPlatforms) = preSolution
		Debug|Any CPU = Debug|Any CPU
		Release|Any CPU = Release|Any CPU
	EndGlobalSection
	GlobalSection(ProjectConfigurationPlatforms) = postSolution
		{92A41E61-E14A-4821-BB91-259B128446D5}.Debug|Any CPU.ActiveCfg = Debug|Any CPU
		{92A41E61-E14A-4821-BB91-259B128446D5}.Debug|Any CPU.Build.0 = Debug|Any CPU
		{92A41E61-E14A-4821-BB91-259B128446D5}.Release|Any CPU.ActiveCfg = Release|Any CPU
		{92A41E61-E14A-4821-BB91-259B128446D5}.Release|Any CPU.Build.0 = Release|Any CPU
	EndGlobalSection
	GlobalSection(SolutionProperties) = preSolution
		HideSolutionNode = FALSE
	EndGlobalSection
	GlobalSection(ExtensibilityGlobals) = postSolution
		SolutionGuid = {F12D82E5-BDC3-4607-AF66-A77A0B44D8BA}
	EndGlobalSection
EndGlobal
